
Microsoft Visual Studio Solution File, Format Version 12.00
# Visual Studio 15
VisualStudioVersion = 15.0.27428.2015
MinimumVisualStudioVersion = 10.0.40219.1
Project("{FAE04EC0-301F-11D3-BF4B-00C04F79EFBC}") = "Ackbar", "Ackbar\Ackbar.csproj", "{E0723081-A04A-42A9-838F-74F9712B1D46}"
EndProject
Project("{2150E333-8FDC-42A3-9474-1A3956D46DE8}") = "SolutionItems", "SolutionItems", "{621B026F-D12C-496A-9128-5263EE648D2C}"
ProjectSection(SolutionItems) = preProject
	ackbar-small.jpg = ackbar-small.jpg
	docker-compose.yml = docker-compose.yml
	docker-compose.override.yml = docker-compose.override.yml
	README.md = README.md
EndProjectSection
EndProject
Global
	GlobalSection(SolutionConfigurationPlatforms) = preSolution
		Debug|Any CPU = Debug|Any CPU
		Release|Any CPU = Release|Any CPU
	EndGlobalSection
	GlobalSection(ProjectConfigurationPlatforms) = postSolution
		{E0723081-A04A-42A9-838F-74F9712B1D46}.Debug|Any CPU.ActiveCfg = Debug|Any CPU
		{E0723081-A04A-42A9-838F-74F9712B1D46}.Debug|Any CPU.Build.0 = Debug|Any CPU
		{E0723081-A04A-42A9-838F-74F9712B1D46}.Release|Any CPU.ActiveCfg = Release|Any CPU
		{E0723081-A04A-42A9-838F-74F9712B1D46}.Release|Any CPU.Build.0 = Release|Any CPU
	EndGlobalSection
	GlobalSection(SolutionProperties) = preSolution
		HideSolutionNode = FALSE
	EndGlobalSection
	GlobalSection(ExtensibilityGlobals) = postSolution
		SolutionGuid = {C5F3376B-D489-4FD6-9FF7-42C2E9F41E20}
	EndGlobalSection
EndGlobal
